// !$*UTF8*$!
{
	archiveVersion = 1;
	classes = {
	};
	objectVersion = 56;
	objects = {

/* Begin PBXBuildFile section */
		B3F8ECE12A32762800B72014 /* Little_LemonApp.swift in Sources */ = {isa = PBXBuildFile; fileRef = B3F8ECE02A32762800B72014 /* Little_LemonApp.swift */; };
		B3F8ECE52A32762800B72014 /* Assets.xcassets in Resources */ = {isa = PBXBuildFile; fileRef = B3F8ECE42A32762800B72014 /* Assets.xcassets */; };
		B3F8ECE82A32762800B72014 /* Preview Assets.xcassets in Resources */ = {isa = PBXBuildFile; fileRef = B3F8ECE72A32762800B72014 /* Preview Assets.xcassets */; };
		B3F8ECEA2A32762800B72014 /* Persistence.swift in Sources */ = {isa = PBXBuildFile; fileRef = B3F8ECE92A32762800B72014 /* Persistence.swift */; };
		B3F8ECED2A32762800B72014 /* Database.xcdatamodeld in Sources */ = {isa = PBXBuildFile; fileRef = B3F8ECEB2A32762800B72014 /* Database.xcdatamodeld */; };
		B3F8ECF82A32773800B72014 /* Onboarding.swift in Sources */ = {isa = PBXBuildFile; fileRef = B3F8ECF72A32773800B72014 /* Onboarding.swift */; };
		B3F8ECFA2A3277EC00B72014 /* ViewModel.swift in Sources */ = {isa = PBXBuildFile; fileRef = B3F8ECF92A3277EC00B72014 /* ViewModel.swift */; };
		B3F8ECFC2A32780E00B72014 /* Menu.swift in Sources */ = {isa = PBXBuildFile; fileRef = B3F8ECFB2A32780E00B72014 /* Menu.swift */; };
		B3F8ECFE2A32782A00B72014 /* Home.swift in Sources */ = {isa = PBXBuildFile; fileRef = B3F8ECFD2A32782A00B72014 /* Home.swift */; };
		B3F8ED002A32784200B72014 /* UserProfile.swift in Sources */ = {isa = PBXBuildFile; fileRef = B3F8ECFF2A32784200B72014 /* UserProfile.swift */; };
		B3F8ED022A32785700B72014 /* Hero.swift in Sources */ = {isa = PBXBuildFile; fileRef = B3F8ED012A32785700B72014 /* Hero.swift */; };
		B3F8ED042A32786D00B72014 /* Header.swift in Sources */ = {isa = PBXBuildFile; fileRef = B3F8ED032A32786D00B72014 /* Header.swift */; };
		B3F8ED062A32789100B72014 /* FoodItem.swift in Sources */ = {isa = PBXBuildFile; fileRef = B3F8ED052A32789100B72014 /* FoodItem.swift */; };
		B3F8ED082A3278B000B72014 /* MainScreen.swift in Sources */ = {isa = PBXBuildFile; fileRef = B3F8ED072A3278B000B72014 /* MainScreen.swift */; };
		B3F8ED0A2A3278D500B72014 /* DetailItem.swift in Sources */ = {isa = PBXBuildFile; fileRef = B3F8ED092A3278D500B72014 /* DetailItem.swift */; };
		B3F8ED0C2A3278EF00B72014 /* MenuItem.swift in Sources */ = {isa = PBXBuildFile; fileRef = B3F8ED0B2A3278EF00B72014 /* MenuItem.swift */; };
		B3F8ED0E2A32790900B72014 /* MenuList.swift in Sources */ = {isa = PBXBuildFile; fileRef = B3F8ED0D2A32790900B72014 /* MenuList.swift */; };
		B3F8ED102A32793D00B72014 /* FetchedObjects.swift in Sources */ = {isa = PBXBuildFile; fileRef = B3F8ED0F2A32793D00B72014 /* FetchedObjects.swift */; };
		B3F8ED122A327B0000B72014 /* Utilities.swift in Sources */ = {isa = PBXBuildFile; fileRef = B3F8ED112A327B0000B72014 /* Utilities.swift */; };
/* End PBXBuildFile section */

/* Begin PBXFileReference section */
		B3F8ECDD2A32762800B72014 /* Little Lemon.app */ = {isa = PBXFileReference; explicitFileType = wrapper.application; includeInIndex = 0; path = "Little Lemon.app"; sourceTree = BUILT_PRODUCTS_DIR; };
		B3F8ECE02A32762800B72014 /* Little_LemonApp.swift */ = {isa = PBXFileReference; lastKnownFileType = sourcecode.swift; path = Little_LemonApp.swift; sourceTree = "<group>"; };
		B3F8ECE42A32762800B72014 /* Assets.xcassets */ = {isa = PBXFileReference; lastKnownFileType = folder.assetcatalog; path = Assets.xcassets; sourceTree = "<group>"; };
		B3F8ECE72A32762800B72014 /* Preview Assets.xcassets */ = {isa = PBXFileReference; lastKnownFileType = folder.assetcatalog; path = "Preview Assets.xcassets"; sourceTree = "<group>"; };
		B3F8ECE92A32762800B72014 /* Persistence.swift */ = {isa = PBXFileReference; lastKnownFileType = sourcecode.swift; path = Persistence.swift; sourceTree = "<group>"; };
		B3F8ECEC2A32762800B72014 /* Little_lemon.xcdatamodel */ = {isa = PBXFileReference; lastKnownFileType = wrapper.xcdatamodel; path = Little_lemon.xcdatamodel; sourceTree = "<group>"; };
		B3F8ECF72A32773800B72014 /* Onboarding.swift */ = {isa = PBXFileReference; lastKnownFileType = sourcecode.swift; path = Onboarding.swift; sourceTree = "<group>"; };
		B3F8ECF92A3277EC00B72014 /* ViewModel.swift */ = {isa = PBXFileReference; lastKnownFileType = sourcecode.swift; path = ViewModel.swift; sourceTree = "<group>"; };
		B3F8ECFB2A32780E00B72014 /* Menu.swift */ = {isa = PBXFileReference; lastKnownFileType = sourcecode.swift; path = Menu.swift; sourceTree = "<group>"; };
		B3F8ECFD2A32782A00B72014 /* Home.swift */ = {isa = PBXFileReference; lastKnownFileType = sourcecode.swift; path = Home.swift; sourceTree = "<group>"; };
		B3F8ECFF2A32784200B72014 /* UserProfile.swift */ = {isa = PBXFileReference; lastKnownFileType = sourcecode.swift; path = UserProfile.swift; sourceTree = "<group>"; };
		B3F8ED012A32785700B72014 /* Hero.swift */ = {isa = PBXFileReference; lastKnownFileType = sourcecode.swift; path = Hero.swift; sourceTree = "<group>"; };
		B3F8ED032A32786D00B72014 /* Header.swift */ = {isa = PBXFileReference; lastKnownFileType = sourcecode.swift; path = Header.swift; sourceTree = "<group>"; };
		B3F8ED052A32789100B72014 /* FoodItem.swift */ = {isa = PBXFileReference; lastKnownFileType = sourcecode.swift; path = FoodItem.swift; sourceTree = "<group>"; };
		B3F8ED072A3278B000B72014 /* MainScreen.swift */ = {isa = PBXFileReference; lastKnownFileType = sourcecode.swift; path = MainScreen.swift; sourceTree = "<group>"; };
		B3F8ED092A3278D500B72014 /* DetailItem.swift */ = {isa = PBXFileReference; lastKnownFileType = sourcecode.swift; path = DetailItem.swift; sourceTree = "<group>"; };
		B3F8ED0B2A3278EF00B72014 /* MenuItem.swift */ = {isa = PBXFileReference; lastKnownFileType = sourcecode.swift; path = MenuItem.swift; sourceTree = "<group>"; };
		B3F8ED0D2A32790900B72014 /* MenuList.swift */ = {isa = PBXFileReference; lastKnownFileType = sourcecode.swift; path = MenuList.swift; sourceTree = "<group>"; };
		B3F8ED0F2A32793D00B72014 /* FetchedObjects.swift */ = {isa = PBXFileReference; lastKnownFileType = sourcecode.swift; path = FetchedObjects.swift; sourceTree = "<group>"; };
		B3F8ED112A327B0000B72014 /* Utilities.swift */ = {isa = PBXFileReference; lastKnownFileType = sourcecode.swift; path = Utilities.swift; sourceTree = "<group>"; };
		B3F8ED132A327D3400B72014 /* README.md */ = {isa = PBXFileReference; lastKnownFileType = net.daringfireball.markdown; path = README.md; sourceTree = "<group>"; };
/* End PBXFileReference section */

/* Begin PBXFrameworksBuildPhase section */
		B3F8ECDA2A32762800B72014 /* Frameworks */ = {
			isa = PBXFrameworksBuildPhase;
			buildActionMask = 2147483647;
			files = (
			);
			runOnlyForDeploymentPostprocessing = 0;
		};
/* End PBXFrameworksBuildPhase section */

/* Begin PBXGroup section */
		B3F8ECD42A32762800B72014 = {
			isa = PBXGroup;
			children = (
				B3F8ED132A327D3400B72014 /* README.md */,
				B3F8ECDF2A32762800B72014 /* Little Lemon */,
				B3F8ECDE2A32762800B72014 /* Products */,
			);
			sourceTree = "<group>";
		};
		B3F8ECDE2A32762800B72014 /* Products */ = {
			isa = PBXGroup;
			children = (
				B3F8ECDD2A32762800B72014 /* Little Lemon.app */,
			);
			name = Products;
			sourceTree = "<group>";
		};
		B3F8ECDF2A32762800B72014 /* Little Lemon */ = {
			isa = PBXGroup;
			children = (
				B3F8ECF62A32770600B72014 /* Utilities */,
				B3F8ECF52A3276F800B72014 /* Core Data */,
				B3F8ECF42A3276D200B72014 /* Models */,
				B3F8ECF32A32768800B72014 /* Views */,
				B3F8ECE02A32762800B72014 /* Little_LemonApp.swift */,
				B3F8ECE42A32762800B72014 /* Assets.xcassets */,
				B3F8ECE62A32762800B72014 /* Preview Content */,
			);
			path = "Little Lemon";
			sourceTree = "<group>";
		};
		B3F8ECE62A32762800B72014 /* Preview Content */ = {
			isa = PBXGroup;
			children = (
				B3F8ECE72A32762800B72014 /* Preview Assets.xcassets */,
			);
			path = "Preview Content";
			sourceTree = "<group>";
		};
		B3F8ECF32A32768800B72014 /* Views */ = {
			isa = PBXGroup;
			children = (
				B3F8ECF72A32773800B72014 /* Onboarding.swift */,
				B3F8ECFB2A32780E00B72014 /* Menu.swift */,
				B3F8ECFD2A32782A00B72014 /* Home.swift */,
				B3F8ECFF2A32784200B72014 /* UserProfile.swift */,
				B3F8ED012A32785700B72014 /* Hero.swift */,
				B3F8ED032A32786D00B72014 /* Header.swift */,
				B3F8ED052A32789100B72014 /* FoodItem.swift */,
				B3F8ED072A3278B000B72014 /* MainScreen.swift */,
				B3F8ED092A3278D500B72014 /* DetailItem.swift */,
			);
			path = Views;
			sourceTree = "<group>";
		};
		B3F8ECF42A3276D200B72014 /* Models */ = {
			isa = PBXGroup;
			children = (
				B3F8ECF92A3277EC00B72014 /* ViewModel.swift */,
				B3F8ED0B2A3278EF00B72014 /* MenuItem.swift */,
				B3F8ED0D2A32790900B72014 /* MenuList.swift */,
			);
			path = Models;
			sourceTree = "<group>";
		};
		B3F8ECF52A3276F800B72014 /* Core Data */ = {
			isa = PBXGroup;
			children = (
				B3F8ECE92A32762800B72014 /* Persistence.swift */,
				B3F8ECEB2A32762800B72014 /* Database.xcdatamodeld */,
				B3F8ED0F2A32793D00B72014 /* FetchedObjects.swift */,
			);
			path = "Core Data";
			sourceTree = "<group>";
		};
		B3F8ECF62A32770600B72014 /* Utilities */ = {
			isa = PBXGroup;
			children = (
				B3F8ED112A327B0000B72014 /* Utilities.swift */,
			);
			path = Utilities;
			sourceTree = "<group>";
		};
/* End PBXGroup section */

/* Begin PBXNativeTarget section */
		B3F8ECDC2A32762800B72014 /* Little Lemon */ = {
			isa = PBXNativeTarget;
			buildConfigurationList = B3F8ECF02A32762800B72014 /* Build configuration list for PBXNativeTarget "Little Lemon" */;
			buildPhases = (
				B3F8ECD92A32762800B72014 /* Sources */,
				B3F8ECDA2A32762800B72014 /* Frameworks */,
				B3F8ECDB2A32762800B72014 /* Resources */,
			);
			buildRules = (
			);
			dependencies = (
			);
			name = "Little Lemon";
			productName = "Little lemon";
			productReference = B3F8ECDD2A32762800B72014 /* Little Lemon.app */;
			productType = "com.apple.product-type.application";
		};
/* End PBXNativeTarget section */

/* Begin PBXProject section */
		B3F8ECD52A32762800B72014 /* Project object */ = {
			isa = PBXProject;
			attributes = {
				BuildIndependentTargetsInParallel = 1;
				LastSwiftUpdateCheck = 1500;
				LastUpgradeCheck = 1500;
				TargetAttributes = {
					B3F8ECDC2A32762800B72014 = {
						CreatedOnToolsVersion = 15.0;
					};
				};
			};
			buildConfigurationList = B3F8ECD82A32762800B72014 /* Build configuration list for PBXProject "Little Lemon" */;
			compatibilityVersion = "Xcode 14.0";
			developmentRegion = en;
			hasScannedForEncodings = 0;
			knownRegions = (
				en,
				Base,
			);
			mainGroup = B3F8ECD42A32762800B72014;
			productRefGroup = B3F8ECDE2A32762800B72014 /* Products */;
			projectDirPath = "";
			projectRoot = "";
			targets = (
				B3F8ECDC2A32762800B72014 /* Little Lemon */,
			);
		};
/* End PBXProject section */

/* Begin PBXResourcesBuildPhase section */
		B3F8ECDB2A32762800B72014 /* Resources */ = {
			isa = PBXResourcesBuildPhase;
			buildActionMask = 2147483647;
			files = (
				B3F8ECE82A32762800B72014 /* Preview Assets.xcassets in Resources */,
				B3F8ECE52A32762800B72014 /* Assets.xcassets in Resources */,
			);
			runOnlyForDeploymentPostprocessing = 0;
		};
/* End PBXResourcesBuildPhase section */

/* Begin PBXSourcesBuildPhase section */
		B3F8ECD92A32762800B72014 /* Sources */ = {
			isa = PBXSourcesBuildPhase;
			buildActionMask = 2147483647;
			files = (
				B3F8ECEA2A32762800B72014 /* Persistence.swift in Sources */,
				B3F8ECED2A32762800B72014 /* Database.xcdatamodeld in Sources */,
				B3F8ECFC2A32780E00B72014 /* Menu.swift in Sources */,
				B3F8ECF82A32773800B72014 /* Onboarding.swift in Sources */,
				B3F8ED062A32789100B72014 /* FoodItem.swift in Sources */,
				B3F8ED0A2A3278D500B72014 /* DetailItem.swift in Sources */,
				B3F8ED082A3278B000B72014 /* MainScreen.swift in Sources */,
				B3F8ED042A32786D00B72014 /* Header.swift in Sources */,
				B3F8ED0C2A3278EF00B72014 /* MenuItem.swift in Sources */,
				B3F8ED0E2A32790900B72014 /* MenuList.swift in Sources */,
				B3F8ED122A327B0000B72014 /* Utilities.swift in Sources */,
				B3F8ED022A32785700B72014 /* Hero.swift in Sources */,
				B3F8ED102A32793D00B72014 /* FetchedObjects.swift in Sources */,
				B3F8ECFA2A3277EC00B72014 /* ViewModel.swift in Sources */,
				B3F8ECFE2A32782A00B72014 /* Home.swift in Sources */,
				B3F8ECE12A32762800B72014 /* Little_LemonApp.swift in Sources */,
				B3F8ED002A32784200B72014 /* UserProfile.swift in Sources */,
			);
			runOnlyForDeploymentPostprocessing = 0;
		};
/* End PBXSourcesBuildPhase section */

/* Begin XCBuildConfiguration section */
		B3F8ECEE2A32762800B72014 /* Debug */ = {
			isa = XCBuildConfiguration;
			buildSettings = {
				ALWAYS_SEARCH_USER_PATHS = NO;
				ASSETCATALOG_COMPILER_GENERATE_SWIFT_ASSET_SYMBOL_EXTENSIONS = YES;
				CLANG_ANALYZER_NONNULL = YES;
				CLANG_ANALYZER_NUMBER_OBJECT_CONVERSION = YES_AGGRESSIVE;
				CLANG_CXX_LANGUAGE_STANDARD = "gnu++20";
				CLANG_ENABLE_MODULES = YES;
				CLANG_ENABLE_OBJC_ARC = YES;
				CLANG_ENABLE_OBJC_WEAK = YES;
				CLANG_WARN_BLOCK_CAPTURE_AUTORELEASING = YES;
				CLANG_WARN_BOOL_CONVERSION = YES;
				CLANG_WARN_COMMA = YES;
				CLANG_WARN_CONSTANT_CONVERSION = YES;
				CLANG_WARN_DEPRECATED_OBJC_IMPLEMENTATIONS = YES;
				CLANG_WARN_DIRECT_OBJC_ISA_USAGE = YES_ERROR;
				CLANG_WARN_DOCUMENTATION_COMMENTS = YES;
				CLANG_WARN_EMPTY_BODY = YES;
				CLANG_WARN_ENUM_CONVERSION = YES;
				CLANG_WARN_INFINITE_RECURSION = YES;
				CLANG_WARN_INT_CONVERSION = YES;
				CLANG_WARN_NON_LITERAL_NULL_CONVERSION = YES;
				CLANG_WARN_OBJC_IMPLICIT_RETAIN_SELF = YES;
				CLANG_WARN_OBJC_LITERAL_CONVERSION = YES;
				CLANG_WARN_OBJC_ROOT_CLASS = YES_ERROR;
				CLANG_WARN_QUOTED_INCLUDE_IN_FRAMEWORK_HEADER = YES;
				CLANG_WARN_RANGE_LOOP_ANALYSIS = YES;
				CLANG_WARN_STRICT_PROTOTYPES = YES;
				CLANG_WARN_SUSPICIOUS_MOVE = YES;
				CLANG_WARN_UNGUARDED_AVAILABILITY = YES_AGGRESSIVE;
				CLANG_WARN_UNREACHABLE_CODE = YES;
				CLANG_WARN__DUPLICATE_METHOD_MATCH = YES;
				COPY_PHASE_STRIP = NO;
				DEBUG_INFORMATION_FORMAT = dwarf;
				ENABLE_STRICT_OBJC_MSGSEND = YES;
				ENABLE_TESTABILITY = YES;
				ENABLE_USER_SCRIPT_SANDBOXING = YES;
				GCC_C_LANGUAGE_STANDARD = gnu17;
				GCC_DYNAMIC_NO_PIC = NO;
				GCC_NO_COMMON_BLOCKS = YES;
				GCC_OPTIMIZATION_LEVEL = 0;
				GCC_PREPROCESSOR_DEFINITIONS = (
					"DEBUG=1",
					"$(inherited)",
				);
				GCC_WARN_64_TO_32_BIT_CONVERSION = YES;
				GCC_WARN_ABOUT_RETURN_TYPE = YES_ERROR;
				GCC_WARN_UNDECLARED_SELECTOR = YES;
				GCC_WARN_UNINITIALIZED_AUTOS = YES_AGGRESSIVE;
				GCC_WARN_UNUSED_FUNCTION = YES;
				GCC_WARN_UNUSED_VARIABLE = YES;
				IPHONEOS_DEPLOYMENT_TARGET = 16.0;
				LOCALIZATION_PREFERS_STRING_CATALOGS = YES;
				MTL_ENABLE_DEBUG_INFO = INCLUDE_SOURCE;
				MTL_FAST_MATH = YES;
				ONLY_ACTIVE_ARCH = YES;
				SDKROOT = iphoneos;
				SWIFT_ACTIVE_COMPILATION_CONDITIONS = "DEBUG $(inherited)";
				SWIFT_OPTIMIZATION_LEVEL = "-Onone";
			};
			name = Debug;
		};
		B3F8ECEF2A32762800B72014 /* Release */ = {
			isa = XCBuildConfiguration;
			buildSettings = {
				ALWAYS_SEARCH_USER_PATHS = NO;
				ASSETCATALOG_COMPILER_GENERATE_SWIFT_ASSET_SYMBOL_EXTENSIONS = YES;
				CLANG_ANALYZER_NONNULL = YES;
				CLANG_ANALYZER_NUMBER_OBJECT_CONVERSION = YES_AGGRESSIVE;
				CLANG_CXX_LANGUAGE_STANDARD = "gnu++20";
				CLANG_ENABLE_MODULES = YES;
				CLANG_ENABLE_OBJC_ARC = YES;
				CLANG_ENABLE_OBJC_WEAK = YES;
				CLANG_WARN_BLOCK_CAPTURE_AUTORELEASING = YES;
				CLANG_WARN_BOOL_CONVERSION = YES;
				CLANG_WARN_COMMA = YES;
				CLANG_WARN_CONSTANT_CONVERSION = YES;
				CLANG_WARN_DEPRECATED_OBJC_IMPLEMENTATIONS = YES;
				CLANG_WARN_DIRECT_OBJC_ISA_USAGE = YES_ERROR;
				CLANG_WARN_DOCUMENTATION_COMMENTS = YES;
				CLANG_WARN_EMPTY_BODY = YES;
				CLANG_WARN_ENUM_CONVERSION = YES;
				CLANG_WARN_INFINITE_RECURSION = YES;
				CLANG_WARN_INT_CONVERSION = YES;
				CLANG_WARN_NON_LITERAL_NULL_CONVERSION = YES;
				CLANG_WARN_OBJC_IMPLICIT_RETAIN_SELF = YES;
				CLANG_WARN_OBJC_LITERAL_CONVERSION = YES;
				CLANG_WARN_OBJC_ROOT_CLASS = YES_ERROR;
				CLANG_WARN_QUOTED_INCLUDE_IN_FRAMEWORK_HEADER = YES;
				CLANG_WARN_RANGE_LOOP_ANALYSIS = YES;
				CLANG_WARN_STRICT_PROTOTYPES = YES;
				CLANG_WARN_SUSPICIOUS_MOVE = YES;
				CLANG_WARN_UNGUARDED_AVAILABILITY = YES_AGGRESSIVE;
				CLANG_WARN_UNREACHABLE_CODE = YES;
				CLANG_WARN__DUPLICATE_METHOD_MATCH = YES;
				COPY_PHASE_STRIP = NO;
				DEBUG_INFORMATION_FORMAT = "dwarf-with-dsym";
				ENABLE_NS_ASSERTIONS = NO;
				ENABLE_STRICT_OBJC_MSGSEND = YES;
				ENABLE_USER_SCRIPT_SANDBOXING = YES;
				GCC_C_LANGUAGE_STANDARD = gnu17;
				GCC_NO_COMMON_BLOCKS = YES;
				GCC_WARN_64_TO_32_BIT_CONVERSION = YES;
				GCC_WARN_ABOUT_RETURN_TYPE = YES_ERROR;
				GCC_WARN_UNDECLARED_SELECTOR = YES;
				GCC_WARN_UNINITIALIZED_AUTOS = YES_AGGRESSIVE;
				GCC_WARN_UNUSED_FUNCTION = YES;
				GCC_WARN_UNUSED_VARIABLE = YES;
				IPHONEOS_DEPLOYMENT_TARGET = 16.0;
				LOCALIZATION_PREFERS_STRING_CATALOGS = YES;
				MTL_ENABLE_DEBUG_INFO = NO;
				MTL_FAST_MATH = YES;
				SDKROOT = iphoneos;
				SWIFT_COMPILATION_MODE = wholemodule;
				VALIDATE_PRODUCT = YES;
			};
			name = Release;
		};
		B3F8ECF12A32762800B72014 /* Debug */ = {
			isa = XCBuildConfiguration;
			buildSettings = {
				ASSETCATALOG_COMPILER_APPICON_NAME = AppIcon;
				ASSETCATALOG_COMPILER_GLOBAL_ACCENT_COLOR_NAME = AccentColor;
				CODE_SIGN_STYLE = Automatic;
				CURRENT_PROJECT_VERSION = 1;
				DEVELOPMENT_ASSET_PATHS = "\"Little lemon/Preview Content\"";
				DEVELOPMENT_TEAM = XFG5L8LD8A;
				ENABLE_PREVIEWS = YES;
				GENERATE_INFOPLIST_FILE = YES;
				INFOPLIST_KEY_UIApplicationSceneManifest_Generation = YES;
				INFOPLIST_KEY_UIApplicationSupportsIndirectInputEvents = YES;
				INFOPLIST_KEY_UILaunchScreen_Generation = YES;
				INFOPLIST_KEY_UISupportedInterfaceOrientations_iPad = "UIInterfaceOrientationPortrait UIInterfaceOrientationPortraitUpsideDown UIInterfaceOrientationLandscapeLeft UIInterfaceOrientationLandscapeRight";
				INFOPLIST_KEY_UISupportedInterfaceOrientations_iPhone = "UIInterfaceOrientationPortrait UIInterfaceOrientationLandscapeLeft UIInterfaceOrientationLandscapeRight";
				IPHONEOS_DEPLOYMENT_TARGET = 16.0;
				LD_RUNPATH_SEARCH_PATHS = (
					"$(inherited)",
					"@executable_path/Frameworks",
				);
				MARKETING_VERSION = 1.0;
				PRODUCT_BUNDLE_IDENTIFIER = "TaeVon-Lewis.Little-Lemon";
				PRODUCT_NAME = "$(TARGET_NAME)";
				SWIFT_EMIT_LOC_STRINGS = YES;
				SWIFT_VERSION = 5.0;
				TARGETED_DEVICE_FAMILY = "1,2";
			};
			name = Debug;
		};
		B3F8ECF22A32762800B72014 /* Release */ = {
			isa = XCBuildConfiguration;
			buildSettings = {
				ASSETCATALOG_COMPILER_APPICON_NAME = AppIcon;
				ASSETCATALOG_COMPILER_GLOBAL_ACCENT_COLOR_NAME = AccentColor;
				CODE_SIGN_STYLE = Automatic;
				CURRENT_PROJECT_VERSION = 1;
				DEVELOPMENT_ASSET_PATHS = "\"Little lemon/Preview Content\"";
				DEVELOPMENT_TEAM = XFG5L8LD8A;
				ENABLE_PREVIEWS = YES;
				GENERATE_INFOPLIST_FILE = YES;
				INFOPLIST_KEY_UIApplicationSceneManifest_Generation = YES;
				INFOPLIST_KEY_UIApplicationSupportsIndirectInputEvents = YES;
				INFOPLIST_KEY_UILaunchScreen_Generation = YES;
				INFOPLIST_KEY_UISupportedInterfaceOrientations_iPad = "UIInterfaceOrientationPortrait UIInterfaceOrientationPortraitUpsideDown UIInterfaceOrientationLandscapeLeft UIInterfaceOrientationLandscapeRight";
				INFOPLIST_KEY_UISupportedInterfaceOrientations_iPhone = "UIInterfaceOrientationPortrait UIInterfaceOrientationLandscapeLeft UIInterfaceOrientationLandscapeRight";
				IPHONEOS_DEPLOYMENT_TARGET = 16.0;
				LD_RUNPATH_SEARCH_PATHS = (
					"$(inherited)",
					"@executable_path/Frameworks",
				);
				MARKETING_VERSION = 1.0;
				PRODUCT_BUNDLE_IDENTIFIER = "TaeVon-Lewis.Little-Lemon";
				PRODUCT_NAME = "$(TARGET_NAME)";
				SWIFT_EMIT_LOC_STRINGS = YES;
				SWIFT_VERSION = 5.0;
				TARGETED_DEVICE_FAMILY = "1,2";
			};
			name = Release;
		};
/* End XCBuildConfiguration section */

/* Begin XCConfigurationList section */
		B3F8ECD82A32762800B72014 /* Build configuration list for PBXProject "Little Lemon" */ = {
			isa = XCConfigurationList;
			buildConfigurations = (
				B3F8ECEE2A32762800B72014 /* Debug */,
				B3F8ECEF2A32762800B72014 /* Release */,
			);
			defaultConfigurationIsVisible = 0;
			defaultConfigurationName = Release;
		};
		B3F8ECF02A32762800B72014 /* Build configuration list for PBXNativeTarget "Little Lemon" */ = {
			isa = XCConfigurationList;
			buildConfigurations = (
				B3F8ECF12A32762800B72014 /* Debug */,
				B3F8ECF22A32762800B72014 /* Release */,
			);
			defaultConfigurationIsVisible = 0;
			defaultConfigurationName = Release;
		};
/* End XCConfigurationList section */

/* Begin XCVersionGroup section */
		B3F8ECEB2A32762800B72014 /* Database.xcdatamodeld */ = {
			isa = XCVersionGroup;
			children = (
				B3F8ECEC2A32762800B72014 /* Little_lemon.xcdatamodel */,
			);
			currentVersion = B3F8ECEC2A32762800B72014 /* Little_lemon.xcdatamodel */;
			path = Database.xcdatamodeld;
			sourceTree = "<group>";
			versionGroupType = wrapper.xcdatamodel;
		};
/* End XCVersionGroup section */
	};
	rootObject = B3F8ECD52A32762800B72014 /* Project object */;
}
